# This file is automatically @generated by Cargo.
# It is not intended for manual editing.
version = 3

[[package]]
name = "binary_search_tree"
version = "0.2.2"
source = "registry+https://github.com/rust-lang/crates.io-index"
checksum = "ba1e4579698a162f2256fabdb07bb88bf360622342c40375468e91bb107e9e4c"

[[package]]
name = "parallel-computing-in-rust"
version = "0.1.0"
dependencies = [
 "binary_search_tree",
]
